// !$*UTF8*$!
{
	archiveVersion = 1;
	classes = {
	};
	objectVersion = 55;
	objects = {

/* Begin PBXBuildFile section */
		D2291EE728C786E700A440AA /* Launch Screen.storyboard in Resources */ = {isa = PBXBuildFile; fileRef = D2291EE628C786E700A440AA /* Launch Screen.storyboard */; };
		D2986A3228ABC03500D7602D /* FLL.json in Resources */ = {isa = PBXBuildFile; fileRef = D2986A3128ABC03500D7602D /* FLL.json */; };
		D2986A3428ABC06300D7602D /* MissionView.swift in Sources */ = {isa = PBXBuildFile; fileRef = D2986A3328ABC06300D7602D /* MissionView.swift */; };
		D2986A3928ABC23400D7602D /* MissionModel.swift in Sources */ = {isa = PBXBuildFile; fileRef = D2986A3828ABC23300D7602D /* MissionModel.swift */; };
		D2986A3F28B0035D00D7602D /* OfficialScorerView.swift in Sources */ = {isa = PBXBuildFile; fileRef = D2986A3E28B0035D00D7602D /* OfficialScorerView.swift */; };
		D2986A4128B0036400D7602D /* CustomScorerView.swift in Sources */ = {isa = PBXBuildFile; fileRef = D2986A4028B0036400D7602D /* CustomScorerView.swift */; };
		D2E648F328A6CEDB00178B8E /* FLL_HR_ScorerApp.swift in Sources */ = {isa = PBXBuildFile; fileRef = D2E648F228A6CEDB00178B8E /* FLL_HR_ScorerApp.swift */; };
		D2E648F528A6CEDB00178B8E /* ContentView.swift in Sources */ = {isa = PBXBuildFile; fileRef = D2E648F428A6CEDB00178B8E /* ContentView.swift */; };
		D2E648F728A6CEDE00178B8E /* Assets.xcassets in Resources */ = {isa = PBXBuildFile; fileRef = D2E648F628A6CEDE00178B8E /* Assets.xcassets */; };
		D2E648FA28A6CEDE00178B8E /* Preview Assets.xcassets in Resources */ = {isa = PBXBuildFile; fileRef = D2E648F928A6CEDE00178B8E /* Preview Assets.xcassets */; };
		D2F7CEC028B299D000BB00C9 /* SettingsView.swift in Sources */ = {isa = PBXBuildFile; fileRef = D2F7CEBF28B299D000BB00C9 /* SettingsView.swift */; };
		D2F7CEC228B29A0000BB00C9 /* TimerView.swift in Sources */ = {isa = PBXBuildFile; fileRef = D2F7CEC128B29A0000BB00C9 /* TimerView.swift */; };
		D2F7CEC428B6A73900BB00C9 /* StatsView.swift in Sources */ = {isa = PBXBuildFile; fileRef = D2F7CEC328B6A73900BB00C9 /* StatsView.swift */; };
		D2F7CEE428BA816900BB00C9 /* RUNS.json in Resources */ = {isa = PBXBuildFile; fileRef = D2F7CEE328BA816900BB00C9 /* RUNS.json */; };
		D2F7CEE628BA836300BB00C9 /* RunModel.swift in Sources */ = {isa = PBXBuildFile; fileRef = D2F7CEE528BA836300BB00C9 /* RunModel.swift */; };
		D2F7CEE828BA8C6800BB00C9 /* TimerRowView.swift in Sources */ = {isa = PBXBuildFile; fileRef = D2F7CEE728BA8C6800BB00C9 /* TimerRowView.swift */; };
/* End PBXBuildFile section */

/* Begin PBXFileReference section */
		D2291EE628C786E700A440AA /* Launch Screen.storyboard */ = {isa = PBXFileReference; lastKnownFileType = file.storyboard; path = "Launch Screen.storyboard"; sourceTree = "<group>"; };
		D2986A3128ABC03500D7602D /* FLL.json */ = {isa = PBXFileReference; fileEncoding = 4; lastKnownFileType = text.json; path = FLL.json; sourceTree = "<group>"; };
		D2986A3328ABC06300D7602D /* MissionView.swift */ = {isa = PBXFileReference; lastKnownFileType = sourcecode.swift; path = MissionView.swift; sourceTree = "<group>"; };
		D2986A3828ABC23300D7602D /* MissionModel.swift */ = {isa = PBXFileReference; lastKnownFileType = sourcecode.swift; path = MissionModel.swift; sourceTree = "<group>"; };
		D2986A3E28B0035D00D7602D /* OfficialScorerView.swift */ = {isa = PBXFileReference; lastKnownFileType = sourcecode.swift; path = OfficialScorerView.swift; sourceTree = "<group>"; };
		D2986A4028B0036400D7602D /* CustomScorerView.swift */ = {isa = PBXFileReference; lastKnownFileType = sourcecode.swift; path = CustomScorerView.swift; sourceTree = "<group>"; };
		D2E648EF28A6CEDB00178B8E /* FLL HR Scorer.app */ = {isa = PBXFileReference; explicitFileType = wrapper.application; includeInIndex = 0; path = "FLL HR Scorer.app"; sourceTree = BUILT_PRODUCTS_DIR; };
		D2E648F228A6CEDB00178B8E /* FLL_HR_ScorerApp.swift */ = {isa = PBXFileReference; lastKnownFileType = sourcecode.swift; path = FLL_HR_ScorerApp.swift; sourceTree = "<group>"; };
		D2E648F428A6CEDB00178B8E /* ContentView.swift */ = {isa = PBXFileReference; lastKnownFileType = sourcecode.swift; path = ContentView.swift; sourceTree = "<group>"; };
		D2E648F628A6CEDE00178B8E /* Assets.xcassets */ = {isa = PBXFileReference; lastKnownFileType = folder.assetcatalog; path = Assets.xcassets; sourceTree = "<group>"; };
		D2E648F928A6CEDE00178B8E /* Preview Assets.xcassets */ = {isa = PBXFileReference; lastKnownFileType = folder.assetcatalog; path = "Preview Assets.xcassets"; sourceTree = "<group>"; };
		D2F7CEBF28B299D000BB00C9 /* SettingsView.swift */ = {isa = PBXFileReference; lastKnownFileType = sourcecode.swift; path = SettingsView.swift; sourceTree = "<group>"; };
		D2F7CEC128B29A0000BB00C9 /* TimerView.swift */ = {isa = PBXFileReference; lastKnownFileType = sourcecode.swift; path = TimerView.swift; sourceTree = "<group>"; };
		D2F7CEC328B6A73900BB00C9 /* StatsView.swift */ = {isa = PBXFileReference; lastKnownFileType = sourcecode.swift; path = StatsView.swift; sourceTree = "<group>"; };
		D2F7CEE328BA816900BB00C9 /* RUNS.json */ = {isa = PBXFileReference; lastKnownFileType = text.json; path = RUNS.json; sourceTree = "<group>"; };
		D2F7CEE528BA836300BB00C9 /* RunModel.swift */ = {isa = PBXFileReference; lastKnownFileType = sourcecode.swift; path = RunModel.swift; sourceTree = "<group>"; };
		D2F7CEE728BA8C6800BB00C9 /* TimerRowView.swift */ = {isa = PBXFileReference; lastKnownFileType = sourcecode.swift; path = TimerRowView.swift; sourceTree = "<group>"; };
/* End PBXFileReference section */

/* Begin PBXFrameworksBuildPhase section */
		D2E648EC28A6CEDB00178B8E /* Frameworks */ = {
			isa = PBXFrameworksBuildPhase;
			buildActionMask = 2147483647;
			files = (
			);
			runOnlyForDeploymentPostprocessing = 0;
		};
/* End PBXFrameworksBuildPhase section */

/* Begin PBXGroup section */
		D2E648E628A6CEDB00178B8E = {
			isa = PBXGroup;
			children = (
				D2E648F128A6CEDB00178B8E /* FLL HR Scorer */,
				D2E648F028A6CEDB00178B8E /* Products */,
			);
			sourceTree = "<group>";
		};
		D2E648F028A6CEDB00178B8E /* Products */ = {
			isa = PBXGroup;
			children = (
				D2E648EF28A6CEDB00178B8E /* FLL HR Scorer.app */,
			);
			name = Products;
			sourceTree = "<group>";
		};
		D2E648F128A6CEDB00178B8E /* FLL HR Scorer */ = {
			isa = PBXGroup;
			children = (
				D2291EE628C786E700A440AA /* Launch Screen.storyboard */,
				D2E648F228A6CEDB00178B8E /* FLL_HR_ScorerApp.swift */,
				D2986A3128ABC03500D7602D /* FLL.json */,
				D2F7CEE328BA816900BB00C9 /* RUNS.json */,
				D2E648F428A6CEDB00178B8E /* ContentView.swift */,
				D2F7CEC128B29A0000BB00C9 /* TimerView.swift */,
				D2986A3E28B0035D00D7602D /* OfficialScorerView.swift */,
				D2986A4028B0036400D7602D /* CustomScorerView.swift */,
				D2F7CEE728BA8C6800BB00C9 /* TimerRowView.swift */,
				D2986A3328ABC06300D7602D /* MissionView.swift */,
				D2986A3828ABC23300D7602D /* MissionModel.swift */,
				D2F7CEE528BA836300BB00C9 /* RunModel.swift */,
				D2F7CEC328B6A73900BB00C9 /* StatsView.swift */,
				D2F7CEBF28B299D000BB00C9 /* SettingsView.swift */,
				D2E648F628A6CEDE00178B8E /* Assets.xcassets */,
				D2E648F828A6CEDE00178B8E /* Preview Content */,
			);
			path = "FLL HR Scorer";
			sourceTree = "<group>";
		};
		D2E648F828A6CEDE00178B8E /* Preview Content */ = {
			isa = PBXGroup;
			children = (
				D2E648F928A6CEDE00178B8E /* Preview Assets.xcassets */,
			);
			path = "Preview Content";
			sourceTree = "<group>";
		};
/* End PBXGroup section */

/* Begin PBXNativeTarget section */
		D2E648EE28A6CEDB00178B8E /* FLL HR Scorer */ = {
			isa = PBXNativeTarget;
			buildConfigurationList = D2E648FD28A6CEDE00178B8E /* Build configuration list for PBXNativeTarget "FLL HR Scorer" */;
			buildPhases = (
				D2E648EB28A6CEDB00178B8E /* Sources */,
				D2E648EC28A6CEDB00178B8E /* Frameworks */,
				D2E648ED28A6CEDB00178B8E /* Resources */,
			);
			buildRules = (
			);
			dependencies = (
			);
			name = "FLL HR Scorer";
			productName = "FLL HR Scorer";
			productReference = D2E648EF28A6CEDB00178B8E /* FLL HR Scorer.app */;
			productType = "com.apple.product-type.application";
		};
/* End PBXNativeTarget section */

/* Begin PBXProject section */
		D2E648E728A6CEDB00178B8E /* Project object */ = {
			isa = PBXProject;
			attributes = {
				BuildIndependentTargetsInParallel = 1;
				LastSwiftUpdateCheck = 1340;
				LastUpgradeCheck = 1340;
				TargetAttributes = {
					D2E648EE28A6CEDB00178B8E = {
						CreatedOnToolsVersion = 13.4.1;
					};
				};
			};
			buildConfigurationList = D2E648EA28A6CEDB00178B8E /* Build configuration list for PBXProject "FLL HR Scorer" */;
			compatibilityVersion = "Xcode 13.0";
			developmentRegion = en;
			hasScannedForEncodings = 0;
			knownRegions = (
				en,
				Base,
			);
			mainGroup = D2E648E628A6CEDB00178B8E;
			productRefGroup = D2E648F028A6CEDB00178B8E /* Products */;
			projectDirPath = "";
			projectRoot = "";
			targets = (
				D2E648EE28A6CEDB00178B8E /* FLL HR Scorer */,
			);
		};
/* End PBXProject section */

/* Begin PBXResourcesBuildPhase section */
		D2E648ED28A6CEDB00178B8E /* Resources */ = {
			isa = PBXResourcesBuildPhase;
			buildActionMask = 2147483647;
			files = (
				D2986A3228ABC03500D7602D /* FLL.json in Resources */,
				D2F7CEE428BA816900BB00C9 /* RUNS.json in Resources */,
				D2E648FA28A6CEDE00178B8E /* Preview Assets.xcassets in Resources */,
				D2291EE728C786E700A440AA /* Launch Screen.storyboard in Resources */,
				D2E648F728A6CEDE00178B8E /* Assets.xcassets in Resources */,
			);
			runOnlyForDeploymentPostprocessing = 0;
		};
/* End PBXResourcesBuildPhase section */

/* Begin PBXSourcesBuildPhase section */
		D2E648EB28A6CEDB00178B8E /* Sources */ = {
			isa = PBXSourcesBuildPhase;
			buildActionMask = 2147483647;
			files = (
				D2F7CEC028B299D000BB00C9 /* SettingsView.swift in Sources */,
				D2986A3928ABC23400D7602D /* MissionModel.swift in Sources */,
				D2986A4128B0036400D7602D /* CustomScorerView.swift in Sources */,
				D2E648F528A6CEDB00178B8E /* ContentView.swift in Sources */,
				D2E648F328A6CEDB00178B8E /* FLL_HR_ScorerApp.swift in Sources */,
				D2986A3F28B0035D00D7602D /* OfficialScorerView.swift in Sources */,
				D2F7CEC228B29A0000BB00C9 /* TimerView.swift in Sources */,
				D2986A3428ABC06300D7602D /* MissionView.swift in Sources */,
				D2F7CEC428B6A73900BB00C9 /* StatsView.swift in Sources */,
				D2F7CEE828BA8C6800BB00C9 /* TimerRowView.swift in Sources */,
				D2F7CEE628BA836300BB00C9 /* RunModel.swift in Sources */,
			);
			runOnlyForDeploymentPostprocessing = 0;
		};
/* End PBXSourcesBuildPhase section */

/* Begin XCBuildConfiguration section */
		D2E648FB28A6CEDE00178B8E /* Debug */ = {
			isa = XCBuildConfiguration;
			buildSettings = {
				ALWAYS_SEARCH_USER_PATHS = NO;
				CLANG_ANALYZER_NONNULL = YES;
				CLANG_ANALYZER_NUMBER_OBJECT_CONVERSION = YES_AGGRESSIVE;
				CLANG_CXX_LANGUAGE_STANDARD = "gnu++17";
				CLANG_ENABLE_MODULES = YES;
				CLANG_ENABLE_OBJC_ARC = YES;
				CLANG_ENABLE_OBJC_WEAK = YES;
				CLANG_WARN_BLOCK_CAPTURE_AUTORELEASING = YES;
				CLANG_WARN_BOOL_CONVERSION = YES;
				CLANG_WARN_COMMA = YES;
				CLANG_WARN_CONSTANT_CONVERSION = YES;
				CLANG_WARN_DEPRECATED_OBJC_IMPLEMENTATIONS = YES;
				CLANG_WARN_DIRECT_OBJC_ISA_USAGE = YES_ERROR;
				CLANG_WARN_DOCUMENTATION_COMMENTS = YES;
				CLANG_WARN_EMPTY_BODY = YES;
				CLANG_WARN_ENUM_CONVERSION = YES;
				CLANG_WARN_INFINITE_RECURSION = YES;
				CLANG_WARN_INT_CONVERSION = YES;
				CLANG_WARN_NON_LITERAL_NULL_CONVERSION = YES;
				CLANG_WARN_OBJC_IMPLICIT_RETAIN_SELF = YES;
				CLANG_WARN_OBJC_LITERAL_CONVERSION = YES;
				CLANG_WARN_OBJC_ROOT_CLASS = YES_ERROR;
				CLANG_WARN_QUOTED_INCLUDE_IN_FRAMEWORK_HEADER = YES;
				CLANG_WARN_RANGE_LOOP_ANALYSIS = YES;
				CLANG_WARN_STRICT_PROTOTYPES = YES;
				CLANG_WARN_SUSPICIOUS_MOVE = YES;
				CLANG_WARN_UNGUARDED_AVAILABILITY = YES_AGGRESSIVE;
				CLANG_WARN_UNREACHABLE_CODE = YES;
				CLANG_WARN__DUPLICATE_METHOD_MATCH = YES;
				COPY_PHASE_STRIP = NO;
				DEBUG_INFORMATION_FORMAT = dwarf;
				ENABLE_STRICT_OBJC_MSGSEND = YES;
				ENABLE_TESTABILITY = YES;
				GCC_C_LANGUAGE_STANDARD = gnu11;
				GCC_DYNAMIC_NO_PIC = NO;
				GCC_NO_COMMON_BLOCKS = YES;
				GCC_OPTIMIZATION_LEVEL = 0;
				GCC_PREPROCESSOR_DEFINITIONS = (
					"DEBUG=1",
					"$(inherited)",
				);
				GCC_WARN_64_TO_32_BIT_CONVERSION = YES;
				GCC_WARN_ABOUT_RETURN_TYPE = YES_ERROR;
				GCC_WARN_UNDECLARED_SELECTOR = YES;
				GCC_WARN_UNINITIALIZED_AUTOS = YES_AGGRESSIVE;
				GCC_WARN_UNUSED_FUNCTION = YES;
				GCC_WARN_UNUSED_VARIABLE = YES;
				IPHONEOS_DEPLOYMENT_TARGET = 15.5;
				MTL_ENABLE_DEBUG_INFO = INCLUDE_SOURCE;
				MTL_FAST_MATH = YES;
				ONLY_ACTIVE_ARCH = YES;
				SDKROOT = iphoneos;
				SWIFT_ACTIVE_COMPILATION_CONDITIONS = DEBUG;
				SWIFT_OPTIMIZATION_LEVEL = "-Onone";
			};
			name = Debug;
		};
		D2E648FC28A6CEDE00178B8E /* Release */ = {
			isa = XCBuildConfiguration;
			buildSettings = {
				ALWAYS_SEARCH_USER_PATHS = NO;
				CLANG_ANALYZER_NONNULL = YES;
				CLANG_ANALYZER_NUMBER_OBJECT_CONVERSION = YES_AGGRESSIVE;
				CLANG_CXX_LANGUAGE_STANDARD = "gnu++17";
				CLANG_ENABLE_MODULES = YES;
				CLANG_ENABLE_OBJC_ARC = YES;
				CLANG_ENABLE_OBJC_WEAK = YES;
				CLANG_WARN_BLOCK_CAPTURE_AUTORELEASING = YES;
				CLANG_WARN_BOOL_CONVERSION = YES;
				CLANG_WARN_COMMA = YES;
				CLANG_WARN_CONSTANT_CONVERSION = YES;
				CLANG_WARN_DEPRECATED_OBJC_IMPLEMENTATIONS = YES;
				CLANG_WARN_DIRECT_OBJC_ISA_USAGE = YES_ERROR;
				CLANG_WARN_DOCUMENTATION_COMMENTS = YES;
				CLANG_WARN_EMPTY_BODY = YES;
				CLANG_WARN_ENUM_CONVERSION = YES;
				CLANG_WARN_INFINITE_RECURSION = YES;
				CLANG_WARN_INT_CONVERSION = YES;
				CLANG_WARN_NON_LITERAL_NULL_CONVERSION = YES;
				CLANG_WARN_OBJC_IMPLICIT_RETAIN_SELF = YES;
				CLANG_WARN_OBJC_LITERAL_CONVERSION = YES;
				CLANG_WARN_OBJC_ROOT_CLASS = YES_ERROR;
				CLANG_WARN_QUOTED_INCLUDE_IN_FRAMEWORK_HEADER = YES;
				CLANG_WARN_RANGE_LOOP_ANALYSIS = YES;
				CLANG_WARN_STRICT_PROTOTYPES = YES;
				CLANG_WARN_SUSPICIOUS_MOVE = YES;
				CLANG_WARN_UNGUARDED_AVAILABILITY = YES_AGGRESSIVE;
				CLANG_WARN_UNREACHABLE_CODE = YES;
				CLANG_WARN__DUPLICATE_METHOD_MATCH = YES;
				COPY_PHASE_STRIP = NO;
				DEBUG_INFORMATION_FORMAT = "dwarf-with-dsym";
				ENABLE_NS_ASSERTIONS = NO;
				ENABLE_STRICT_OBJC_MSGSEND = YES;
				GCC_C_LANGUAGE_STANDARD = gnu11;
				GCC_NO_COMMON_BLOCKS = YES;
				GCC_WARN_64_TO_32_BIT_CONVERSION = YES;
				GCC_WARN_ABOUT_RETURN_TYPE = YES_ERROR;
				GCC_WARN_UNDECLARED_SELECTOR = YES;
				GCC_WARN_UNINITIALIZED_AUTOS = YES_AGGRESSIVE;
				GCC_WARN_UNUSED_FUNCTION = YES;
				GCC_WARN_UNUSED_VARIABLE = YES;
				IPHONEOS_DEPLOYMENT_TARGET = 15.5;
				MTL_ENABLE_DEBUG_INFO = NO;
				MTL_FAST_MATH = YES;
				SDKROOT = iphoneos;
				SWIFT_COMPILATION_MODE = wholemodule;
				SWIFT_OPTIMIZATION_LEVEL = "-O";
				VALIDATE_PRODUCT = YES;
			};
			name = Release;
		};
		D2E648FE28A6CEDE00178B8E /* Debug */ = {
			isa = XCBuildConfiguration;
			buildSettings = {
				ASSETCATALOG_COMPILER_APPICON_NAME = AppIcon;
				ASSETCATALOG_COMPILER_GLOBAL_ACCENT_COLOR_NAME = AccentColor;
				CODE_SIGN_STYLE = Automatic;
				CURRENT_PROJECT_VERSION = 1;
				DEVELOPMENT_ASSET_PATHS = "\"FLL HR Scorer/Preview Content\"";
				DEVELOPMENT_TEAM = 2R3J6F6G28;
				ENABLE_PREVIEWS = YES;
				GENERATE_INFOPLIST_FILE = YES;
				INFOPLIST_KEY_UIApplicationSceneManifest_Generation = YES;
				INFOPLIST_KEY_UIApplicationSupportsIndirectInputEvents = YES;
				INFOPLIST_KEY_UILaunchScreen_Generation = YES;
				INFOPLIST_KEY_UILaunchStoryboardName = "Launch Screen";
				INFOPLIST_KEY_UISupportedInterfaceOrientations = "UIInterfaceOrientationPortrait UIInterfaceOrientationPortraitUpsideDown";
				INFOPLIST_KEY_UISupportedInterfaceOrientations_iPad = "UIInterfaceOrientationPortrait UIInterfaceOrientationPortraitUpsideDown UIInterfaceOrientationLandscapeLeft UIInterfaceOrientationLandscapeRight";
				INFOPLIST_KEY_UISupportedInterfaceOrientations_iPhone = "UIInterfaceOrientationPortrait UIInterfaceOrientationLandscapeLeft UIInterfaceOrientationLandscapeRight";
				LD_RUNPATH_SEARCH_PATHS = (
					"$(inherited)",
					"@executable_path/Frameworks",
				);
				MARKETING_VERSION = 0.1.5;
				PRODUCT_BUNDLE_IDENTIFIER = "com.matejvvo.FLL-HR-Scorer";
				PRODUCT_NAME = "$(TARGET_NAME)";
				SWIFT_EMIT_LOC_STRINGS = YES;
				SWIFT_VERSION = 5.0;
				TARGETED_DEVICE_FAMILY = "1,2";
			};
			name = Debug;
		};
		D2E648FF28A6CEDE00178B8E /* Release */ = {
			isa = XCBuildConfiguration;
			buildSettings = {
				ASSETCATALOG_COMPILER_APPICON_NAME = AppIcon;
				ASSETCATALOG_COMPILER_GLOBAL_ACCENT_COLOR_NAME = AccentColor;
				CODE_SIGN_STYLE = Automatic;
				CURRENT_PROJECT_VERSION = 1;
				DEVELOPMENT_ASSET_PATHS = "\"FLL HR Scorer/Preview Content\"";
				DEVELOPMENT_TEAM = 2R3J6F6G28;
				ENABLE_PREVIEWS = YES;
				GENERATE_INFOPLIST_FILE = YES;
				INFOPLIST_KEY_UIApplicationSceneManifest_Generation = YES;
				INFOPLIST_KEY_UIApplicationSupportsIndirectInputEvents = YES;
				INFOPLIST_KEY_UILaunchScreen_Generation = YES;
				INFOPLIST_KEY_UILaunchStoryboardName = "Launch Screen";
				INFOPLIST_KEY_UISupportedInterfaceOrientations = "UIInterfaceOrientationPortrait UIInterfaceOrientationPortraitUpsideDown";
				INFOPLIST_KEY_UISupportedInterfaceOrientations_iPad = "UIInterfaceOrientationPortrait UIInterfaceOrientationPortraitUpsideDown UIInterfaceOrientationLandscapeLeft UIInterfaceOrientationLandscapeRight";
				INFOPLIST_KEY_UISupportedInterfaceOrientations_iPhone = "UIInterfaceOrientationPortrait UIInterfaceOrientationLandscapeLeft UIInterfaceOrientationLandscapeRight";
				LD_RUNPATH_SEARCH_PATHS = (
					"$(inherited)",
					"@executable_path/Frameworks",
				);
				MARKETING_VERSION = 0.1.5;
				PRODUCT_BUNDLE_IDENTIFIER = "com.matejvvo.FLL-HR-Scorer";
				PRODUCT_NAME = "$(TARGET_NAME)";
				SWIFT_EMIT_LOC_STRINGS = YES;
				SWIFT_VERSION = 5.0;
				TARGETED_DEVICE_FAMILY = "1,2";
			};
			name = Release;
		};
/* End XCBuildConfiguration section */

/* Begin XCConfigurationList section */
		D2E648EA28A6CEDB00178B8E /* Build configuration list for PBXProject "FLL HR Scorer" */ = {
			isa = XCConfigurationList;
			buildConfigurations = (
				D2E648FB28A6CEDE00178B8E /* Debug */,
				D2E648FC28A6CEDE00178B8E /* Release */,
			);
			defaultConfigurationIsVisible = 0;
			defaultConfigurationName = Release;
		};
		D2E648FD28A6CEDE00178B8E /* Build configuration list for PBXNativeTarget "FLL HR Scorer" */ = {
			isa = XCConfigurationList;
			buildConfigurations = (
				D2E648FE28A6CEDE00178B8E /* Debug */,
				D2E648FF28A6CEDE00178B8E /* Release */,
			);
			defaultConfigurationIsVisible = 0;
			defaultConfigurationName = Release;
		};
/* End XCConfigurationList section */
	};
	rootObject = D2E648E728A6CEDB00178B8E /* Project object */;
}
